# THIS IS AN AUTOGENERATED FILE. DO NOT EDIT THIS FILE DIRECTLY.
# yarn lockfile v1


"@fortawesome/fontawesome-free@^5.4.2":
  version "5.6.0"
  resolved "https://registry.yarnpkg.com/@fortawesome/fontawesome-free/-/fontawesome-free-5.6.0.tgz#7d7624cdb0ef2edd8a91baa193398e6ad16cb21c"
  integrity sha512-cB426XiX7R421kL8XnTWXlBUzeOYWl63KTUw1wP3fnmNBCuWeLGqglmZGheu0TClBSHZl5HVnKQ0uFFRtn43JQ==
