# THIS IS AN AUTOGENERATED FILE. DO NOT EDIT THIS FILE DIRECTLY.
# yarn lockfile v1


"@fortawesome/fontawesome-free@^5.4.2":
  version "5.6.1"
  resolved "https://registry.yarnpkg.com/@fortawesome/fontawesome-free/-/fontawesome-free-5.6.1.tgz#eb096a49446d649bdc8c90f04400306eff7c33c2"
  integrity sha512-0afQfB+HBeJHlXPzcF2Jjh78SbwPSkDjba/O7pZFzAW3WGKNzd4s4AqrZo7oIlMWGnfoyDo8+QeosK0+DTDrTg==
